
Microsoft Visual Studio Solution File, Format Version 12.00
# Visual Studio Version 16
VisualStudioVersion = 16.0.30114.105
MinimumVisualStudioVersion = 10.0.40219.1
Project("{2150E333-8FDC-42A3-9474-1A3956D46DE8}") = "src", "src", "{35D23758-568C-40B3-91A8-65A77DBB89BE}"
EndProject
Project("{2150E333-8FDC-42A3-9474-1A3956D46DE8}") = "Building Blocks", "Building Blocks", "{C193CF17-FB04-44ED-A543-FFADF0C4372F}"
EndProject
Project("{2150E333-8FDC-42A3-9474-1A3956D46DE8}") = "Services", "Services", "{D35D6396-20E3-46CD-98C0-09429BF15219}"
EndProject
Project("{2150E333-8FDC-42A3-9474-1A3956D46DE8}") = "Web", "Web", "{2CBBF6C2-80CD-4CE0-A186-8F2454B5FE17}"
EndProject
Project("{2150E333-8FDC-42A3-9474-1A3956D46DE8}") = "Identidade", "Identidade", "{A7182C6C-5105-46BA-8282-B96DC89C5E1A}"
EndProject
Project("{9A19103F-16F7-4668-BE54-9A1E7A4F7556}") = "FACode.Identidade.API", "src\Services\FACode.Identidade.API\FACode.Identidade.API.csproj", "{12B21A2A-6ECD-4090-BEC0-FD42F87A0B8D}"
EndProject
Project("{2150E333-8FDC-42A3-9474-1A3956D46DE8}") = "MVC", "MVC", "{574B91D7-0248-4E96-9CA9-F98B432174AD}"
EndProject
Project("{2150E333-8FDC-42A3-9474-1A3956D46DE8}") = "Core", "Core", "{E2F30E66-1F04-4104-A32B-C0BCDC2A5584}"
EndProject
Project("{9A19103F-16F7-4668-BE54-9A1E7A4F7556}") = "FACode.Core", "src\Building Blocks\FACode.Core\FACode.Core.csproj", "{CDD5BE7E-F42B-40DF-9082-50204DDC6157}"
EndProject
Project("{9A19103F-16F7-4668-BE54-9A1E7A4F7556}") = "FACode.WebApp.MVC", "src\Web\FACode.WebApp.MVC\FACode.WebApp.MVC.csproj", "{7F20FEDD-6E90-40BA-B1E8-B89FBFCB2CF2}"
EndProject
Project("{2150E333-8FDC-42A3-9474-1A3956D46DE8}") = "Services", "Services", "{DBBDD302-AB82-4DF5-B28E-60D969E5BBF3}"
EndProject
Project("{FAE04EC0-301F-11D3-BF4B-00C04F79EFBC}") = "FACode.WebAPI.Core", "src\Building Blocks\FACode.WebAPI.Core\FACode.WebAPI.Core.csproj", "{09924BA4-DB40-46A4-A454-5AB786960C15}"
EndProject
Project("{2150E333-8FDC-42A3-9474-1A3956D46DE8}") = "MessageBus", "MessageBus", "{639C70B9-59E4-490C-A7A7-9BA61A46D01A}"
EndProject
Project("{9A19103F-16F7-4668-BE54-9A1E7A4F7556}") = "FACode.MessageBus", "src\Building Blocks\FACode.MessageBus\FACode.MessageBus.csproj", "{3FF3C01E-0B6A-4485-A071-FA7855EFA916}"
EndProject
Global
	GlobalSection(SolutionConfigurationPlatforms) = preSolution
		Debug|Any CPU = Debug|Any CPU
		Release|Any CPU = Release|Any CPU
	EndGlobalSection
	GlobalSection(ProjectConfigurationPlatforms) = postSolution
		{12B21A2A-6ECD-4090-BEC0-FD42F87A0B8D}.Debug|Any CPU.ActiveCfg = Debug|Any CPU
		{12B21A2A-6ECD-4090-BEC0-FD42F87A0B8D}.Debug|Any CPU.Build.0 = Debug|Any CPU
		{12B21A2A-6ECD-4090-BEC0-FD42F87A0B8D}.Release|Any CPU.ActiveCfg = Release|Any CPU
		{12B21A2A-6ECD-4090-BEC0-FD42F87A0B8D}.Release|Any CPU.Build.0 = Release|Any CPU
		{CDD5BE7E-F42B-40DF-9082-50204DDC6157}.Debug|Any CPU.ActiveCfg = Debug|Any CPU
		{CDD5BE7E-F42B-40DF-9082-50204DDC6157}.Debug|Any CPU.Build.0 = Debug|Any CPU
		{CDD5BE7E-F42B-40DF-9082-50204DDC6157}.Release|Any CPU.ActiveCfg = Release|Any CPU
		{CDD5BE7E-F42B-40DF-9082-50204DDC6157}.Release|Any CPU.Build.0 = Release|Any CPU
		{7F20FEDD-6E90-40BA-B1E8-B89FBFCB2CF2}.Debug|Any CPU.ActiveCfg = Debug|Any CPU
		{7F20FEDD-6E90-40BA-B1E8-B89FBFCB2CF2}.Debug|Any CPU.Build.0 = Debug|Any CPU
		{7F20FEDD-6E90-40BA-B1E8-B89FBFCB2CF2}.Release|Any CPU.ActiveCfg = Release|Any CPU
		{7F20FEDD-6E90-40BA-B1E8-B89FBFCB2CF2}.Release|Any CPU.Build.0 = Release|Any CPU
		{09924BA4-DB40-46A4-A454-5AB786960C15}.Debug|Any CPU.ActiveCfg = Debug|Any CPU
		{09924BA4-DB40-46A4-A454-5AB786960C15}.Debug|Any CPU.Build.0 = Debug|Any CPU
		{09924BA4-DB40-46A4-A454-5AB786960C15}.Release|Any CPU.ActiveCfg = Release|Any CPU
		{09924BA4-DB40-46A4-A454-5AB786960C15}.Release|Any CPU.Build.0 = Release|Any CPU
		{3FF3C01E-0B6A-4485-A071-FA7855EFA916}.Debug|Any CPU.ActiveCfg = Debug|Any CPU
		{3FF3C01E-0B6A-4485-A071-FA7855EFA916}.Debug|Any CPU.Build.0 = Debug|Any CPU
		{3FF3C01E-0B6A-4485-A071-FA7855EFA916}.Release|Any CPU.ActiveCfg = Release|Any CPU
		{3FF3C01E-0B6A-4485-A071-FA7855EFA916}.Release|Any CPU.Build.0 = Release|Any CPU
	EndGlobalSection
	GlobalSection(SolutionProperties) = preSolution
		HideSolutionNode = FALSE
	EndGlobalSection
	GlobalSection(NestedProjects) = preSolution
		{C193CF17-FB04-44ED-A543-FFADF0C4372F} = {35D23758-568C-40B3-91A8-65A77DBB89BE}
		{D35D6396-20E3-46CD-98C0-09429BF15219} = {35D23758-568C-40B3-91A8-65A77DBB89BE}
		{2CBBF6C2-80CD-4CE0-A186-8F2454B5FE17} = {35D23758-568C-40B3-91A8-65A77DBB89BE}
		{A7182C6C-5105-46BA-8282-B96DC89C5E1A} = {D35D6396-20E3-46CD-98C0-09429BF15219}
		{12B21A2A-6ECD-4090-BEC0-FD42F87A0B8D} = {A7182C6C-5105-46BA-8282-B96DC89C5E1A}
		{574B91D7-0248-4E96-9CA9-F98B432174AD} = {2CBBF6C2-80CD-4CE0-A186-8F2454B5FE17}
		{E2F30E66-1F04-4104-A32B-C0BCDC2A5584} = {C193CF17-FB04-44ED-A543-FFADF0C4372F}
		{CDD5BE7E-F42B-40DF-9082-50204DDC6157} = {E2F30E66-1F04-4104-A32B-C0BCDC2A5584}
		{7F20FEDD-6E90-40BA-B1E8-B89FBFCB2CF2} = {574B91D7-0248-4E96-9CA9-F98B432174AD}
		{DBBDD302-AB82-4DF5-B28E-60D969E5BBF3} = {C193CF17-FB04-44ED-A543-FFADF0C4372F}
		{09924BA4-DB40-46A4-A454-5AB786960C15} = {DBBDD302-AB82-4DF5-B28E-60D969E5BBF3}
		{639C70B9-59E4-490C-A7A7-9BA61A46D01A} = {C193CF17-FB04-44ED-A543-FFADF0C4372F}
		{3FF3C01E-0B6A-4485-A071-FA7855EFA916} = {639C70B9-59E4-490C-A7A7-9BA61A46D01A}
	EndGlobalSection
	GlobalSection(ExtensibilityGlobals) = postSolution
		SolutionGuid = {B06676D4-819F-4A79-BAB4-D53A66858C06}
	EndGlobalSection
EndGlobal
